
Microsoft Visual Studio Solution File, Format Version 12.00
# Visual Studio Version 17
VisualStudioVersion = 17.14.36518.9 d17.14
MinimumVisualStudioVersion = 10.0.40219.1
Project("{2150E333-8FDC-42A3-9474-1A3956D46DE8}") = "Task0", "Task0", "{02EA681E-C7D8-13C7-8484-4AC65E1B71E8}"
EndProject
Project("{2150E333-8FDC-42A3-9474-1A3956D46DE8}") = "task1", "task1", "{9566367C-F823-4C54-A412-453D4DAAF532}"
EndProject
Project("{FAE04EC0-301F-11D3-BF4B-00C04F79EFBC}") = "Tyuiu,Ahmadi.Sprint3.Task0.V28", "Tyuiu,Ahmadi.Sprint3.Task0.V28\Tyuiu,Ahmadi.Sprint3.Task0.V28.csproj", "{028A1DFF-950B-457E-9AC7-C2AC17F4DC12}"
EndProject
Project("{FAE04EC0-301F-11D3-BF4B-00C04F79EFBC}") = "Tyuiu,Ahmadi.Sprint3.Task0.V28.Lib", "Tyuiu,Ahmadi.Sprint3.Task0.V28.Lib\Tyuiu,Ahmadi.Sprint3.Task0.V28.Lib.csproj", "{4F4C11A3-B92B-4BE3-B8BC-169ACE19B082}"
EndProject
Project("{FAE04EC0-301F-11D3-BF4B-00C04F79EFBC}") = "Tyuiu,Ahmadi.Sprint3.Task0.V28.Test", "Tyuiu,Ahmadi.Sprint3.Task0.V28.Test\Tyuiu,Ahmadi.Sprint3.Task0.V28.Test.csproj", "{9AB887F8-1039-4EA0-BBB9-49DFBC892E1B}"
EndProject
Project("{FAE04EC0-301F-11D3-BF4B-00C04F79EFBC}") = "Tyuiu.Ahmadi.Sprint3.Task1.V15", "Tyuiu.Ahmadi.Sprint3.Task1.V15\Tyuiu.Ahmadi.Sprint3.Task1.V15.csproj", "{4E16C9B8-EB8A-4DD7-A348-8A115F681B4E}"
EndProject
Project("{FAE04EC0-301F-11D3-BF4B-00C04F79EFBC}") = "Tyuiu.Ahmadi.Sprint3.Task1.V15.Lib", "Tyuiu.Ahmadi.Sprint3.Task1.V15.Lib\Tyuiu.Ahmadi.Sprint3.Task1.V15.Lib.csproj", "{69F988F4-2FBB-46E6-B450-ABB9031651FA}"
EndProject
Project("{FAE04EC0-301F-11D3-BF4B-00C04F79EFBC}") = "Tyuiu.Ahmadi.Sprint3.Task1.V15.Test", "Tyuiu.Ahmadi.Sprint3.Task1.V15.Test\Tyuiu.Ahmadi.Sprint3.Task1.V15.Test.csproj", "{C5338758-98FA-45D5-B45A-AC9F443D04D1}"
EndProject
Global
	GlobalSection(SolutionConfigurationPlatforms) = preSolution
		Debug|Any CPU = Debug|Any CPU
		Release|Any CPU = Release|Any CPU
	EndGlobalSection
	GlobalSection(ProjectConfigurationPlatforms) = postSolution
		{028A1DFF-950B-457E-9AC7-C2AC17F4DC12}.Debug|Any CPU.ActiveCfg = Debug|Any CPU
		{028A1DFF-950B-457E-9AC7-C2AC17F4DC12}.Debug|Any CPU.Build.0 = Debug|Any CPU
		{028A1DFF-950B-457E-9AC7-C2AC17F4DC12}.Release|Any CPU.ActiveCfg = Release|Any CPU
		{028A1DFF-950B-457E-9AC7-C2AC17F4DC12}.Release|Any CPU.Build.0 = Release|Any CPU
		{4F4C11A3-B92B-4BE3-B8BC-169ACE19B082}.Debug|Any CPU.ActiveCfg = Debug|Any CPU
		{4F4C11A3-B92B-4BE3-B8BC-169ACE19B082}.Debug|Any CPU.Build.0 = Debug|Any CPU
		{4F4C11A3-B92B-4BE3-B8BC-169ACE19B082}.Release|Any CPU.ActiveCfg = Release|Any CPU
		{4F4C11A3-B92B-4BE3-B8BC-169ACE19B082}.Release|Any CPU.Build.0 = Release|Any CPU
		{9AB887F8-1039-4EA0-BBB9-49DFBC892E1B}.Debug|Any CPU.ActiveCfg = Debug|Any CPU
		{9AB887F8-1039-4EA0-BBB9-49DFBC892E1B}.Debug|Any CPU.Build.0 = Debug|Any CPU
		{9AB887F8-1039-4EA0-BBB9-49DFBC892E1B}.Release|Any CPU.ActiveCfg = Release|Any CPU
		{9AB887F8-1039-4EA0-BBB9-49DFBC892E1B}.Release|Any CPU.Build.0 = Release|Any CPU
		{4E16C9B8-EB8A-4DD7-A348-8A115F681B4E}.Debug|Any CPU.ActiveCfg = Debug|Any CPU
		{4E16C9B8-EB8A-4DD7-A348-8A115F681B4E}.Debug|Any CPU.Build.0 = Debug|Any CPU
		{4E16C9B8-EB8A-4DD7-A348-8A115F681B4E}.Release|Any CPU.ActiveCfg = Release|Any CPU
		{4E16C9B8-EB8A-4DD7-A348-8A115F681B4E}.Release|Any CPU.Build.0 = Release|Any CPU
		{69F988F4-2FBB-46E6-B450-ABB9031651FA}.Debug|Any CPU.ActiveCfg = Debug|Any CPU
		{69F988F4-2FBB-46E6-B450-ABB9031651FA}.Debug|Any CPU.Build.0 = Debug|Any CPU
		{69F988F4-2FBB-46E6-B450-ABB9031651FA}.Release|Any CPU.ActiveCfg = Release|Any CPU
		{69F988F4-2FBB-46E6-B450-ABB9031651FA}.Release|Any CPU.Build.0 = Release|Any CPU
		{C5338758-98FA-45D5-B45A-AC9F443D04D1}.Debug|Any CPU.ActiveCfg = Debug|Any CPU
		{C5338758-98FA-45D5-B45A-AC9F443D04D1}.Debug|Any CPU.Build.0 = Debug|Any CPU
		{C5338758-98FA-45D5-B45A-AC9F443D04D1}.Release|Any CPU.ActiveCfg = Release|Any CPU
		{C5338758-98FA-45D5-B45A-AC9F443D04D1}.Release|Any CPU.Build.0 = Release|Any CPU
	EndGlobalSection
	GlobalSection(SolutionProperties) = preSolution
		HideSolutionNode = FALSE
	EndGlobalSection
	GlobalSection(NestedProjects) = preSolution
		{028A1DFF-950B-457E-9AC7-C2AC17F4DC12} = {02EA681E-C7D8-13C7-8484-4AC65E1B71E8}
		{4F4C11A3-B92B-4BE3-B8BC-169ACE19B082} = {02EA681E-C7D8-13C7-8484-4AC65E1B71E8}
		{9AB887F8-1039-4EA0-BBB9-49DFBC892E1B} = {02EA681E-C7D8-13C7-8484-4AC65E1B71E8}
		{4E16C9B8-EB8A-4DD7-A348-8A115F681B4E} = {9566367C-F823-4C54-A412-453D4DAAF532}
		{69F988F4-2FBB-46E6-B450-ABB9031651FA} = {9566367C-F823-4C54-A412-453D4DAAF532}
		{C5338758-98FA-45D5-B45A-AC9F443D04D1} = {9566367C-F823-4C54-A412-453D4DAAF532}
	EndGlobalSection
	GlobalSection(ExtensibilityGlobals) = postSolution
		SolutionGuid = {24968E0A-3968-4A93-8CB5-73E098F6C74B}
	EndGlobalSection
EndGlobal
